
Microsoft Visual Studio Solution File, Format Version 12.00
# Visual Studio 14
VisualStudioVersion = 14.0.25420.1
MinimumVisualStudioVersion = 10.0.40219.1
Project("{FAE04EC0-301F-11D3-BF4B-00C04F79EFBC}") = "RopeCreator", "RopeCreator\RopeCreator.csproj", "{03475558-3B99-4B3F-B671-853A2E8A35E9}"
EndProject
Global
	GlobalSection(SolutionConfigurationPlatforms) = preSolution
		Debug|x64 = Debug|x64
		Release|x64 = Release|x64
	EndGlobalSection
	GlobalSection(ProjectConfigurationPlatforms) = postSolution
		{03475558-3B99-4B3F-B671-853A2E8A35E9}.Debug|x64.ActiveCfg = Debug|x64
		{03475558-3B99-4B3F-B671-853A2E8A35E9}.Debug|x64.Build.0 = Debug|x64
		{03475558-3B99-4B3F-B671-853A2E8A35E9}.Release|x64.ActiveCfg = Release|x64
		{03475558-3B99-4B3F-B671-853A2E8A35E9}.Release|x64.Build.0 = Release|x64
	EndGlobalSection
	GlobalSection(SolutionProperties) = preSolution
		HideSolutionNode = FALSE
	EndGlobalSection
EndGlobal
